Microsoft Visual Studio Solution File, Format Version 11.00
# Visual Studio 2008

Project("{095C1B39-A842-3B99-90C0-90232CFE3EF5}") = "Be_Green_App", "Assembly-CSharp.csproj", "{427E935B-0259-87CA-DE7D-67F693EFC2EB}"
EndProject
Global
	GlobalSection(SolutionConfigurationPlatforms) = preSolution
		Debug|Any CPU = Debug|Any CPU
		Release|Any CPU = Release|Any CPU
	EndGlobalSection
	GlobalSection(ProjectConfigurationPlatforms) = postSolution
		{427E935B-0259-87CA-DE7D-67F693EFC2EB}.Debug|Any CPU.ActiveCfg = Debug|Any CPU
		{427E935B-0259-87CA-DE7D-67F693EFC2EB}.Debug|Any CPU.Build.0 = Debug|Any CPU
		{427E935B-0259-87CA-DE7D-67F693EFC2EB}.Release|Any CPU.ActiveCfg = Release|Any CPU
		{427E935B-0259-87CA-DE7D-67F693EFC2EB}.Release|Any CPU.Build.0 = Release|Any CPU
	EndGlobalSection
	GlobalSection(SolutionProperties) = preSolution
		HideSolutionNode = FALSE
	EndGlobalSection
																						GlobalSection(MonoDevelopProperties) = preSolution
		StartupItem = Assembly-CSharp.csproj
		Policies = $0
		$0.TextStylePolicy = $1
		$1.inheritsSet = null
		$1.scope = text/x-csharp
		$0.CSharpFormattingPolicy = $2
		$2.inheritsSet = Mono
		$2.inheritsScope = text/x-csharp
		$2.scope = text/x-csharp
		$0.TextStylePolicy = $3
		$3.FileWidth = 120
		$3.TabWidth = 4
		$3.IndentWidth = 4
		$3.EolMarker = Unix
		$3.inheritsSet = Mono
		$3.inheritsScope = text/plain
		$3.scope = text/plain
	EndGlobalSection

EndGlobal
